
Microsoft Visual Studio Solution File, Format Version 12.00
# Visual Studio Version 16
VisualStudioVersion = 16.0.31729.503
MinimumVisualStudioVersion = 10.0.40219.1
Project("{FAE04EC0-301F-11D3-BF4B-00C04F79EFBC}") = "task_WPF_10", "task_WPF_10\task_WPF_10.csproj", "{C8076604-4A03-4CFF-8053-ABA3D45A77F8}"
EndProject
Global
	GlobalSection(SolutionConfigurationPlatforms) = preSolution
		Debug|Any CPU = Debug|Any CPU
		Release|Any CPU = Release|Any CPU
	EndGlobalSection
	GlobalSection(ProjectConfigurationPlatforms) = postSolution
		{C8076604-4A03-4CFF-8053-ABA3D45A77F8}.Debug|Any CPU.ActiveCfg = Debug|Any CPU
		{C8076604-4A03-4CFF-8053-ABA3D45A77F8}.Debug|Any CPU.Build.0 = Debug|Any CPU
		{C8076604-4A03-4CFF-8053-ABA3D45A77F8}.Release|Any CPU.ActiveCfg = Release|Any CPU
		{C8076604-4A03-4CFF-8053-ABA3D45A77F8}.Release|Any CPU.Build.0 = Release|Any CPU
	EndGlobalSection
	GlobalSection(SolutionProperties) = preSolution
		HideSolutionNode = FALSE
	EndGlobalSection
	GlobalSection(ExtensibilityGlobals) = postSolution
		SolutionGuid = {FD9491E7-1EE3-45FC-9CC6-C54BB32180AF}
	EndGlobalSection
EndGlobal
